
Microsoft Visual Studio Solution File, Format Version 12.00
# Visual Studio Version 17
VisualStudioVersion = 17.5.002.0
MinimumVisualStudioVersion = 10.0.40219.1
Project("{2150E333-8FDC-42A3-9474-1A3956D46DE8}") = "infrastructure-ops", "infrastructure-ops", "{CF5A9D46-9D91-466E-918B-BB2891E712F2}"
EndProject
Project("{9A19103F-16F7-4668-BE54-9A1E7A4F7556}") = "Producer", "infrastructure-ops\producer\Producer.csproj", "{BFD07D43-0274-4359-BE60-328A43760583}"
EndProject
Project("{FAE04EC0-301F-11D3-BF4B-00C04F79EFBC}") = "consumer", "infrastructure-ops\consumer\consumer.csproj", "{2A1B99BE-0351-463B-9540-65BC65FF463E}"
EndProject
Global
	GlobalSection(SolutionConfigurationPlatforms) = preSolution
		Debug|Any CPU = Debug|Any CPU
		Release|Any CPU = Release|Any CPU
	EndGlobalSection
	GlobalSection(ProjectConfigurationPlatforms) = postSolution
		{BFD07D43-0274-4359-BE60-328A43760583}.Debug|Any CPU.ActiveCfg = Debug|Any CPU
		{BFD07D43-0274-4359-BE60-328A43760583}.Debug|Any CPU.Build.0 = Debug|Any CPU
		{BFD07D43-0274-4359-BE60-328A43760583}.Release|Any CPU.ActiveCfg = Release|Any CPU
		{BFD07D43-0274-4359-BE60-328A43760583}.Release|Any CPU.Build.0 = Release|Any CPU
		{2A1B99BE-0351-463B-9540-65BC65FF463E}.Debug|Any CPU.ActiveCfg = Debug|Any CPU
		{2A1B99BE-0351-463B-9540-65BC65FF463E}.Debug|Any CPU.Build.0 = Debug|Any CPU
		{2A1B99BE-0351-463B-9540-65BC65FF463E}.Release|Any CPU.ActiveCfg = Release|Any CPU
		{2A1B99BE-0351-463B-9540-65BC65FF463E}.Release|Any CPU.Build.0 = Release|Any CPU
	EndGlobalSection
	GlobalSection(SolutionProperties) = preSolution
		HideSolutionNode = FALSE
	EndGlobalSection
	GlobalSection(NestedProjects) = preSolution
		{BFD07D43-0274-4359-BE60-328A43760583} = {CF5A9D46-9D91-466E-918B-BB2891E712F2}
		{2A1B99BE-0351-463B-9540-65BC65FF463E} = {CF5A9D46-9D91-466E-918B-BB2891E712F2}
	EndGlobalSection
	GlobalSection(ExtensibilityGlobals) = postSolution
		SolutionGuid = {3FEC9A7F-7DF3-479D-94DB-8D9D4E10230D}
	EndGlobalSection
EndGlobal
