
Microsoft Visual Studio Solution File, Format Version 12.00
# Visual Studio Version 17
VisualStudioVersion = 17.5.002.0
MinimumVisualStudioVersion = 10.0.40219.1
Project("{2150E333-8FDC-42A3-9474-1A3956D46DE8}") = "idempotency-pattern", "idempotency-pattern", "{FF3E8903-3488-4D5A-BD1F-B32C01FDCCD6}"
EndProject
Project("{9A19103F-16F7-4668-BE54-9A1E7A4F7556}") = "consumer", "idempotency-pattern\consumer\consumer.csproj", "{32C33B90-EB17-4C53-BD5A-AC313C840021}"
EndProject
Project("{9A19103F-16F7-4668-BE54-9A1E7A4F7556}") = "Producer", "idempotency-pattern\producer\Producer.csproj", "{CFE5248C-D571-44BE-8F29-7CDEDF8906DA}"
EndProject
Project("{2150E333-8FDC-42A3-9474-1A3956D46DE8}") = "consumer (1)", "consumer", "{60D942E3-F371-46DB-9418-A9EAF2EAB034}"
EndProject
Project("{2150E333-8FDC-42A3-9474-1A3956D46DE8}") = "obj", "obj", "{7A61F6A1-A57E-447D-9EF5-E9FA3DC75FE2}"
EndProject
Project("{2150E333-8FDC-42A3-9474-1A3956D46DE8}") = "Debug", "Debug", "{3E1C5111-3D2E-4E4C-BB1F-BBACE48A90A1}"
EndProject
Project("{2150E333-8FDC-42A3-9474-1A3956D46DE8}") = "net8.0", "net8.0", "{37D3B7FE-18CF-42D2-81BE-ADEC87AB5D56}"
EndProject
Project("{9A19103F-16F7-4668-BE54-9A1E7A4F7556}") = "WorkerExtensions", "idempotency-pattern\consumer\obj\Debug\net8.0\WorkerExtensions\WorkerExtensions.csproj", "{B6341263-676D-4923-AE3A-C6A6B5882CEB}"
EndProject
Project("{2150E333-8FDC-42A3-9474-1A3956D46DE8}") = "Release", "Release", "{55407B21-007F-49AE-865D-010FB1D01402}"
EndProject
Project("{2150E333-8FDC-42A3-9474-1A3956D46DE8}") = "net8.0", "net8.0", "{E3C0C44B-F469-459F-BEB1-70BE9F81ED70}"
EndProject
Project("{9A19103F-16F7-4668-BE54-9A1E7A4F7556}") = "WorkerExtensions", "idempotency-pattern\consumer\obj\Release\net8.0\WorkerExtensions\WorkerExtensions.csproj", "{F44CC367-9EAC-4B89-8C30-F3DB50C51497}"
EndProject
Project("{2150E333-8FDC-42A3-9474-1A3956D46DE8}") = "release", "release", "{FF35DF49-42F3-4C60-81C7-21B724455964}"
EndProject
Project("{2150E333-8FDC-42A3-9474-1A3956D46DE8}") = "net8.0", "net8.0", "{B036392A-F118-4935-BC33-7977433B9F07}"
EndProject
Project("{9A19103F-16F7-4668-BE54-9A1E7A4F7556}") = "WorkerExtensions", "idempotency-pattern\consumer\obj\release\net8.0\WorkerExtensions\WorkerExtensions.csproj", "{09B58B11-0463-4FAF-8626-73ACEFBA3F1D}"
EndProject
Project("{2150E333-8FDC-42A3-9474-1A3956D46DE8}") = "producer", "producer", "{4B13FC2D-4F9D-4583-8CDA-DC472A4FACE8}"
EndProject
Project("{2150E333-8FDC-42A3-9474-1A3956D46DE8}") = "obj", "obj", "{F349914D-621B-4DC5-80F8-D123D04A51EF}"
EndProject
Project("{2150E333-8FDC-42A3-9474-1A3956D46DE8}") = "Debug", "Debug", "{5DBFDCC8-D3E9-4D66-85FB-ECD41C6C67C7}"
EndProject
Project("{2150E333-8FDC-42A3-9474-1A3956D46DE8}") = "net8.0", "net8.0", "{0F725446-FAF5-4F6D-8F98-1B35543E1EE8}"
EndProject
Project("{9A19103F-16F7-4668-BE54-9A1E7A4F7556}") = "WorkerExtensions", "idempotency-pattern\producer\obj\Debug\net8.0\WorkerExtensions\WorkerExtensions.csproj", "{E39FF0BB-1451-4CA6-A83B-5CE0288055D4}"
EndProject
Global
	GlobalSection(SolutionConfigurationPlatforms) = preSolution
		Debug|Any CPU = Debug|Any CPU
		Release|Any CPU = Release|Any CPU
	EndGlobalSection
	GlobalSection(ProjectConfigurationPlatforms) = postSolution
		{32C33B90-EB17-4C53-BD5A-AC313C840021}.Debug|Any CPU.ActiveCfg = Debug|Any CPU
		{32C33B90-EB17-4C53-BD5A-AC313C840021}.Debug|Any CPU.Build.0 = Debug|Any CPU
		{32C33B90-EB17-4C53-BD5A-AC313C840021}.Release|Any CPU.ActiveCfg = Release|Any CPU
		{32C33B90-EB17-4C53-BD5A-AC313C840021}.Release|Any CPU.Build.0 = Release|Any CPU
		{CFE5248C-D571-44BE-8F29-7CDEDF8906DA}.Debug|Any CPU.ActiveCfg = Debug|Any CPU
		{CFE5248C-D571-44BE-8F29-7CDEDF8906DA}.Debug|Any CPU.Build.0 = Debug|Any CPU
		{CFE5248C-D571-44BE-8F29-7CDEDF8906DA}.Release|Any CPU.ActiveCfg = Release|Any CPU
		{CFE5248C-D571-44BE-8F29-7CDEDF8906DA}.Release|Any CPU.Build.0 = Release|Any CPU
		{B6341263-676D-4923-AE3A-C6A6B5882CEB}.Debug|Any CPU.ActiveCfg = Debug|Any CPU
		{B6341263-676D-4923-AE3A-C6A6B5882CEB}.Debug|Any CPU.Build.0 = Debug|Any CPU
		{B6341263-676D-4923-AE3A-C6A6B5882CEB}.Release|Any CPU.ActiveCfg = Release|Any CPU
		{B6341263-676D-4923-AE3A-C6A6B5882CEB}.Release|Any CPU.Build.0 = Release|Any CPU
		{F44CC367-9EAC-4B89-8C30-F3DB50C51497}.Debug|Any CPU.ActiveCfg = Debug|Any CPU
		{F44CC367-9EAC-4B89-8C30-F3DB50C51497}.Debug|Any CPU.Build.0 = Debug|Any CPU
		{F44CC367-9EAC-4B89-8C30-F3DB50C51497}.Release|Any CPU.ActiveCfg = Release|Any CPU
		{F44CC367-9EAC-4B89-8C30-F3DB50C51497}.Release|Any CPU.Build.0 = Release|Any CPU
		{09B58B11-0463-4FAF-8626-73ACEFBA3F1D}.Debug|Any CPU.ActiveCfg = Debug|Any CPU
		{09B58B11-0463-4FAF-8626-73ACEFBA3F1D}.Debug|Any CPU.Build.0 = Debug|Any CPU
		{09B58B11-0463-4FAF-8626-73ACEFBA3F1D}.Release|Any CPU.ActiveCfg = Release|Any CPU
		{09B58B11-0463-4FAF-8626-73ACEFBA3F1D}.Release|Any CPU.Build.0 = Release|Any CPU
		{E39FF0BB-1451-4CA6-A83B-5CE0288055D4}.Debug|Any CPU.ActiveCfg = Debug|Any CPU
		{E39FF0BB-1451-4CA6-A83B-5CE0288055D4}.Debug|Any CPU.Build.0 = Debug|Any CPU
		{E39FF0BB-1451-4CA6-A83B-5CE0288055D4}.Release|Any CPU.ActiveCfg = Release|Any CPU
		{E39FF0BB-1451-4CA6-A83B-5CE0288055D4}.Release|Any CPU.Build.0 = Release|Any CPU
	EndGlobalSection
	GlobalSection(SolutionProperties) = preSolution
		HideSolutionNode = FALSE
	EndGlobalSection
	GlobalSection(NestedProjects) = preSolution
		{32C33B90-EB17-4C53-BD5A-AC313C840021} = {FF3E8903-3488-4D5A-BD1F-B32C01FDCCD6}
		{CFE5248C-D571-44BE-8F29-7CDEDF8906DA} = {FF3E8903-3488-4D5A-BD1F-B32C01FDCCD6}
		{60D942E3-F371-46DB-9418-A9EAF2EAB034} = {FF3E8903-3488-4D5A-BD1F-B32C01FDCCD6}
		{7A61F6A1-A57E-447D-9EF5-E9FA3DC75FE2} = {60D942E3-F371-46DB-9418-A9EAF2EAB034}
		{3E1C5111-3D2E-4E4C-BB1F-BBACE48A90A1} = {7A61F6A1-A57E-447D-9EF5-E9FA3DC75FE2}
		{37D3B7FE-18CF-42D2-81BE-ADEC87AB5D56} = {3E1C5111-3D2E-4E4C-BB1F-BBACE48A90A1}
		{B6341263-676D-4923-AE3A-C6A6B5882CEB} = {37D3B7FE-18CF-42D2-81BE-ADEC87AB5D56}
		{55407B21-007F-49AE-865D-010FB1D01402} = {7A61F6A1-A57E-447D-9EF5-E9FA3DC75FE2}
		{E3C0C44B-F469-459F-BEB1-70BE9F81ED70} = {55407B21-007F-49AE-865D-010FB1D01402}
		{F44CC367-9EAC-4B89-8C30-F3DB50C51497} = {E3C0C44B-F469-459F-BEB1-70BE9F81ED70}
		{FF35DF49-42F3-4C60-81C7-21B724455964} = {7A61F6A1-A57E-447D-9EF5-E9FA3DC75FE2}
		{B036392A-F118-4935-BC33-7977433B9F07} = {FF35DF49-42F3-4C60-81C7-21B724455964}
		{09B58B11-0463-4FAF-8626-73ACEFBA3F1D} = {B036392A-F118-4935-BC33-7977433B9F07}
		{4B13FC2D-4F9D-4583-8CDA-DC472A4FACE8} = {FF3E8903-3488-4D5A-BD1F-B32C01FDCCD6}
		{F349914D-621B-4DC5-80F8-D123D04A51EF} = {4B13FC2D-4F9D-4583-8CDA-DC472A4FACE8}
		{5DBFDCC8-D3E9-4D66-85FB-ECD41C6C67C7} = {F349914D-621B-4DC5-80F8-D123D04A51EF}
		{0F725446-FAF5-4F6D-8F98-1B35543E1EE8} = {5DBFDCC8-D3E9-4D66-85FB-ECD41C6C67C7}
		{E39FF0BB-1451-4CA6-A83B-5CE0288055D4} = {0F725446-FAF5-4F6D-8F98-1B35543E1EE8}
	EndGlobalSection
	GlobalSection(ExtensibilityGlobals) = postSolution
		SolutionGuid = {25813FBF-2236-4843-A11F-0A8F38E821B5}
	EndGlobalSection
EndGlobal
