
Microsoft Visual Studio Solution File, Format Version 12.00
# Visual Studio Version 17
VisualStudioVersion = 17.5.002.0
MinimumVisualStudioVersion = 10.0.40219.1
Project("{9A19103F-16F7-4668-BE54-9A1E7A4F7556}") = "consumer", "consumer\consumer.csproj", "{79ECDAA5-B481-4B55-A70B-E24261EE1C0E}"
EndProject
Project("{9A19103F-16F7-4668-BE54-9A1E7A4F7556}") = "Producer", "producer\Producer.csproj", "{D9543717-E96D-440B-81D2-D4121F65AA93}"
EndProject
Project("{2150E333-8FDC-42A3-9474-1A3956D46DE8}") = "consumer (1)", "consumer", "{9C76AF1F-F278-44F9-935B-10EE15DA4335}"
EndProject
Project("{2150E333-8FDC-42A3-9474-1A3956D46DE8}") = "obj", "obj", "{4ED39AAE-A535-49BC-85EC-F05D3415717F}"
EndProject
Project("{2150E333-8FDC-42A3-9474-1A3956D46DE8}") = "Debug", "Debug", "{77606534-BB37-4A99-ADC0-8211C1D257CF}"
EndProject
Project("{2150E333-8FDC-42A3-9474-1A3956D46DE8}") = "net8.0", "net8.0", "{8AAFB901-2408-4187-863A-BC6367B30735}"
EndProject
Project("{9A19103F-16F7-4668-BE54-9A1E7A4F7556}") = "WorkerExtensions", "consumer\obj\Debug\net8.0\WorkerExtensions\WorkerExtensions.csproj", "{C06104E2-DEA4-4A71-A374-DA3DC3626959}"
EndProject
Project("{2150E333-8FDC-42A3-9474-1A3956D46DE8}") = "release", "release", "{A6AC8BCC-8D14-418E-B64C-B8357D5A8EAD}"
EndProject
Project("{2150E333-8FDC-42A3-9474-1A3956D46DE8}") = "net8.0", "net8.0", "{6C54AB01-219C-4138-96D4-899AA8832A55}"
EndProject
Project("{9A19103F-16F7-4668-BE54-9A1E7A4F7556}") = "WorkerExtensions", "consumer\obj\release\net8.0\WorkerExtensions\WorkerExtensions.csproj", "{C9D0DCCE-30CB-45C1-8199-C6DAA3C3E990}"
EndProject
Project("{2150E333-8FDC-42A3-9474-1A3956D46DE8}") = "producer", "producer", "{8460C712-C694-48E7-BECA-36292FE0C0AB}"
EndProject
Project("{2150E333-8FDC-42A3-9474-1A3956D46DE8}") = "obj", "obj", "{D829DA74-C4A6-4706-8034-70DE1C6D3C33}"
EndProject
Project("{2150E333-8FDC-42A3-9474-1A3956D46DE8}") = "Debug", "Debug", "{F872D87A-B133-4D2E-92C0-8B440445BD41}"
EndProject
Project("{2150E333-8FDC-42A3-9474-1A3956D46DE8}") = "net8.0", "net8.0", "{88F96243-5BF4-4D49-BF27-785AC89D752E}"
EndProject
Project("{9A19103F-16F7-4668-BE54-9A1E7A4F7556}") = "WorkerExtensions", "producer\obj\Debug\net8.0\WorkerExtensions\WorkerExtensions.csproj", "{06F95D5E-3E85-45D9-B3F2-62DD5CC81C54}"
EndProject
Project("{2150E333-8FDC-42A3-9474-1A3956D46DE8}") = "Release", "Release", "{976D56B5-F2D4-4F56-820A-3788CB01BD2B}"
EndProject
Project("{2150E333-8FDC-42A3-9474-1A3956D46DE8}") = "net8.0", "net8.0", "{C3634A32-D23B-4629-97F1-5D4B45B252F5}"
EndProject
Project("{9A19103F-16F7-4668-BE54-9A1E7A4F7556}") = "WorkerExtensions", "producer\obj\Release\net8.0\WorkerExtensions\WorkerExtensions.csproj", "{AB5EFE9B-6E83-4364-AB08-815B590122A7}"
EndProject
Project("{2150E333-8FDC-42A3-9474-1A3956D46DE8}") = "release", "release", "{FA111377-4ABC-4E6E-A979-CFF280B8E51E}"
EndProject
Project("{2150E333-8FDC-42A3-9474-1A3956D46DE8}") = "net8.0", "net8.0", "{3F876B60-5746-4823-B20A-72157ACDAD4A}"
EndProject
Project("{9A19103F-16F7-4668-BE54-9A1E7A4F7556}") = "WorkerExtensions", "producer\obj\release\net8.0\WorkerExtensions\WorkerExtensions.csproj", "{3CE3A7E2-C7C2-4D42-BD8E-B5C072178A73}"
EndProject
Global
	GlobalSection(SolutionConfigurationPlatforms) = preSolution
		Debug|Any CPU = Debug|Any CPU
		Release|Any CPU = Release|Any CPU
	EndGlobalSection
	GlobalSection(ProjectConfigurationPlatforms) = postSolution
		{79ECDAA5-B481-4B55-A70B-E24261EE1C0E}.Debug|Any CPU.ActiveCfg = Debug|Any CPU
		{79ECDAA5-B481-4B55-A70B-E24261EE1C0E}.Debug|Any CPU.Build.0 = Debug|Any CPU
		{79ECDAA5-B481-4B55-A70B-E24261EE1C0E}.Release|Any CPU.ActiveCfg = Release|Any CPU
		{79ECDAA5-B481-4B55-A70B-E24261EE1C0E}.Release|Any CPU.Build.0 = Release|Any CPU
		{D9543717-E96D-440B-81D2-D4121F65AA93}.Debug|Any CPU.ActiveCfg = Debug|Any CPU
		{D9543717-E96D-440B-81D2-D4121F65AA93}.Debug|Any CPU.Build.0 = Debug|Any CPU
		{D9543717-E96D-440B-81D2-D4121F65AA93}.Release|Any CPU.ActiveCfg = Release|Any CPU
		{D9543717-E96D-440B-81D2-D4121F65AA93}.Release|Any CPU.Build.0 = Release|Any CPU
		{C06104E2-DEA4-4A71-A374-DA3DC3626959}.Debug|Any CPU.ActiveCfg = Debug|Any CPU
		{C06104E2-DEA4-4A71-A374-DA3DC3626959}.Debug|Any CPU.Build.0 = Debug|Any CPU
		{C06104E2-DEA4-4A71-A374-DA3DC3626959}.Release|Any CPU.ActiveCfg = Release|Any CPU
		{C06104E2-DEA4-4A71-A374-DA3DC3626959}.Release|Any CPU.Build.0 = Release|Any CPU
		{C9D0DCCE-30CB-45C1-8199-C6DAA3C3E990}.Debug|Any CPU.ActiveCfg = Debug|Any CPU
		{C9D0DCCE-30CB-45C1-8199-C6DAA3C3E990}.Debug|Any CPU.Build.0 = Debug|Any CPU
		{C9D0DCCE-30CB-45C1-8199-C6DAA3C3E990}.Release|Any CPU.ActiveCfg = Release|Any CPU
		{C9D0DCCE-30CB-45C1-8199-C6DAA3C3E990}.Release|Any CPU.Build.0 = Release|Any CPU
		{06F95D5E-3E85-45D9-B3F2-62DD5CC81C54}.Debug|Any CPU.ActiveCfg = Debug|Any CPU
		{06F95D5E-3E85-45D9-B3F2-62DD5CC81C54}.Debug|Any CPU.Build.0 = Debug|Any CPU
		{06F95D5E-3E85-45D9-B3F2-62DD5CC81C54}.Release|Any CPU.ActiveCfg = Release|Any CPU
		{06F95D5E-3E85-45D9-B3F2-62DD5CC81C54}.Release|Any CPU.Build.0 = Release|Any CPU
		{AB5EFE9B-6E83-4364-AB08-815B590122A7}.Debug|Any CPU.ActiveCfg = Debug|Any CPU
		{AB5EFE9B-6E83-4364-AB08-815B590122A7}.Debug|Any CPU.Build.0 = Debug|Any CPU
		{AB5EFE9B-6E83-4364-AB08-815B590122A7}.Release|Any CPU.ActiveCfg = Release|Any CPU
		{AB5EFE9B-6E83-4364-AB08-815B590122A7}.Release|Any CPU.Build.0 = Release|Any CPU
		{3CE3A7E2-C7C2-4D42-BD8E-B5C072178A73}.Debug|Any CPU.ActiveCfg = Debug|Any CPU
		{3CE3A7E2-C7C2-4D42-BD8E-B5C072178A73}.Debug|Any CPU.Build.0 = Debug|Any CPU
		{3CE3A7E2-C7C2-4D42-BD8E-B5C072178A73}.Release|Any CPU.ActiveCfg = Release|Any CPU
		{3CE3A7E2-C7C2-4D42-BD8E-B5C072178A73}.Release|Any CPU.Build.0 = Release|Any CPU
	EndGlobalSection
	GlobalSection(SolutionProperties) = preSolution
		HideSolutionNode = FALSE
	EndGlobalSection
	GlobalSection(NestedProjects) = preSolution
		{4ED39AAE-A535-49BC-85EC-F05D3415717F} = {9C76AF1F-F278-44F9-935B-10EE15DA4335}
		{77606534-BB37-4A99-ADC0-8211C1D257CF} = {4ED39AAE-A535-49BC-85EC-F05D3415717F}
		{8AAFB901-2408-4187-863A-BC6367B30735} = {77606534-BB37-4A99-ADC0-8211C1D257CF}
		{C06104E2-DEA4-4A71-A374-DA3DC3626959} = {8AAFB901-2408-4187-863A-BC6367B30735}
		{A6AC8BCC-8D14-418E-B64C-B8357D5A8EAD} = {4ED39AAE-A535-49BC-85EC-F05D3415717F}
		{6C54AB01-219C-4138-96D4-899AA8832A55} = {A6AC8BCC-8D14-418E-B64C-B8357D5A8EAD}
		{C9D0DCCE-30CB-45C1-8199-C6DAA3C3E990} = {6C54AB01-219C-4138-96D4-899AA8832A55}
		{D829DA74-C4A6-4706-8034-70DE1C6D3C33} = {8460C712-C694-48E7-BECA-36292FE0C0AB}
		{F872D87A-B133-4D2E-92C0-8B440445BD41} = {D829DA74-C4A6-4706-8034-70DE1C6D3C33}
		{88F96243-5BF4-4D49-BF27-785AC89D752E} = {F872D87A-B133-4D2E-92C0-8B440445BD41}
		{06F95D5E-3E85-45D9-B3F2-62DD5CC81C54} = {88F96243-5BF4-4D49-BF27-785AC89D752E}
		{976D56B5-F2D4-4F56-820A-3788CB01BD2B} = {D829DA74-C4A6-4706-8034-70DE1C6D3C33}
		{C3634A32-D23B-4629-97F1-5D4B45B252F5} = {976D56B5-F2D4-4F56-820A-3788CB01BD2B}
		{AB5EFE9B-6E83-4364-AB08-815B590122A7} = {C3634A32-D23B-4629-97F1-5D4B45B252F5}
		{FA111377-4ABC-4E6E-A979-CFF280B8E51E} = {D829DA74-C4A6-4706-8034-70DE1C6D3C33}
		{3F876B60-5746-4823-B20A-72157ACDAD4A} = {FA111377-4ABC-4E6E-A979-CFF280B8E51E}
		{3CE3A7E2-C7C2-4D42-BD8E-B5C072178A73} = {3F876B60-5746-4823-B20A-72157ACDAD4A}
	EndGlobalSection
	GlobalSection(ExtensibilityGlobals) = postSolution
		SolutionGuid = {3BF12CC4-23FF-4B49-AEDB-AF7F79F0529E}
	EndGlobalSection
EndGlobal
